
Microsoft Visual Studio Solution File, Format Version 12.00
# Visual Studio Version 17
VisualStudioVersion = 17.6.33927.249
MinimumVisualStudioVersion = 10.0.40219.1
Project("{FAE04EC0-301F-11D3-BF4B-00C04F79EFBC}") = "ConsoleApp1", "ConsoleApp1\ConsoleApp1.csproj", "{7CFAB4A3-E39D-49DB-94A2-39FEB0C1A7F7}"
EndProject
Global
	GlobalSection(SolutionConfigurationPlatforms) = preSolution
		Debug|Any CPU = Debug|Any CPU
		Release|Any CPU = Release|Any CPU
	EndGlobalSection
	GlobalSection(ProjectConfigurationPlatforms) = postSolution
		{7CFAB4A3-E39D-49DB-94A2-39FEB0C1A7F7}.Debug|Any CPU.ActiveCfg = Debug|Any CPU
		{7CFAB4A3-E39D-49DB-94A2-39FEB0C1A7F7}.Debug|Any CPU.Build.0 = Debug|Any CPU
		{7CFAB4A3-E39D-49DB-94A2-39FEB0C1A7F7}.Release|Any CPU.ActiveCfg = Release|Any CPU
		{7CFAB4A3-E39D-49DB-94A2-39FEB0C1A7F7}.Release|Any CPU.Build.0 = Release|Any CPU
	EndGlobalSection
	GlobalSection(SolutionProperties) = preSolution
		HideSolutionNode = FALSE
	EndGlobalSection
	GlobalSection(ExtensibilityGlobals) = postSolution
		SolutionGuid = {ADFC6F7A-910F-444E-BC8E-9EA8361F9FD3}
	EndGlobalSection
EndGlobal
